
Microsoft Visual Studio Solution File, Format Version 12.00
# Visual Studio 14
VisualStudioVersion = 14.0.24720.0
MinimumVisualStudioVersion = 10.0.40219.1
Project("{FAE04EC0-301F-11D3-BF4B-00C04F79EFBC}") = "ConsoleApplication1", "ConsoleApplication1\ConsoleApplication1.csproj", "{899E6EE8-F25A-427D-9BE5-A86848ACDE02}"
EndProject
Project("{2150E333-8FDC-42A3-9474-1A3956D46DE8}") = "Solution Items", "Solution Items", "{37ABDCA9-2897-4C5A-A0E6-B4A7F35818AC}"
	ProjectSection(SolutionItems) = preProject
		.gitattributes = .gitattributes
		.gitignore = .gitignore
	EndProjectSection
EndProject
Project("{2150E333-8FDC-42A3-9474-1A3956D46DE8}") = "Site1", "Site1", "{DE11C462-D320-4BB6-BB10-CAD7C71C84D1}"
EndProject
Global
	GlobalSection(SolutionConfigurationPlatforms) = preSolution
		Debug|Any CPU = Debug|Any CPU
		Release|Any CPU = Release|Any CPU
	EndGlobalSection
	GlobalSection(ProjectConfigurationPlatforms) = postSolution
		{899E6EE8-F25A-427D-9BE5-A86848ACDE02}.Debug|Any CPU.ActiveCfg = Debug|Any CPU
		{899E6EE8-F25A-427D-9BE5-A86848ACDE02}.Debug|Any CPU.Build.0 = Debug|Any CPU
		{899E6EE8-F25A-427D-9BE5-A86848ACDE02}.Release|Any CPU.ActiveCfg = Release|Any CPU
		{899E6EE8-F25A-427D-9BE5-A86848ACDE02}.Release|Any CPU.Build.0 = Release|Any CPU
	EndGlobalSection
	GlobalSection(SolutionProperties) = preSolution
		HideSolutionNode = FALSE
	EndGlobalSection
	GlobalSection(NestedProjects) = preSolution
		{899E6EE8-F25A-427D-9BE5-A86848ACDE02} = {DE11C462-D320-4BB6-BB10-CAD7C71C84D1}
	EndGlobalSection
EndGlobal
